
Microsoft Visual Studio Solution File, Format Version 12.00
# Visual Studio 15
VisualStudioVersion = 15.0.28307.168
MinimumVisualStudioVersion = 10.0.40219.1
Project("{FAE04EC0-301F-11D3-BF4B-00C04F79EFBC}") = "ProjectDB", "ProjectDB\ProjectDB.csproj", "{659540B3-3A05-4895-A515-084E10D8B808}"
EndProject
Project("{FAE04EC0-301F-11D3-BF4B-00C04F79EFBC}") = "ProjectDBTest", "ProjectDBTest\ProjectDBTest.csproj", "{042CCD78-7B80-44B6-8C37-83DB24608B99}"
EndProject
Project("{FAE04EC0-301F-11D3-BF4B-00C04F79EFBC}") = "TestDBProject", "TestDBProject\TestDBProject.csproj", "{BA5E005C-ED18-4D9C-90A4-4F5EFAD6D8FA}"
EndProject
Global
	GlobalSection(SolutionConfigurationPlatforms) = preSolution
		Debug|Any CPU = Debug|Any CPU
		Release|Any CPU = Release|Any CPU
	EndGlobalSection
	GlobalSection(ProjectConfigurationPlatforms) = postSolution
		{659540B3-3A05-4895-A515-084E10D8B808}.Debug|Any CPU.ActiveCfg = Debug|Any CPU
		{659540B3-3A05-4895-A515-084E10D8B808}.Debug|Any CPU.Build.0 = Debug|Any CPU
		{659540B3-3A05-4895-A515-084E10D8B808}.Release|Any CPU.ActiveCfg = Release|Any CPU
		{659540B3-3A05-4895-A515-084E10D8B808}.Release|Any CPU.Build.0 = Release|Any CPU
		{042CCD78-7B80-44B6-8C37-83DB24608B99}.Debug|Any CPU.ActiveCfg = Debug|Any CPU
		{042CCD78-7B80-44B6-8C37-83DB24608B99}.Debug|Any CPU.Build.0 = Debug|Any CPU
		{042CCD78-7B80-44B6-8C37-83DB24608B99}.Release|Any CPU.ActiveCfg = Release|Any CPU
		{042CCD78-7B80-44B6-8C37-83DB24608B99}.Release|Any CPU.Build.0 = Release|Any CPU
		{BA5E005C-ED18-4D9C-90A4-4F5EFAD6D8FA}.Debug|Any CPU.ActiveCfg = Debug|Any CPU
		{BA5E005C-ED18-4D9C-90A4-4F5EFAD6D8FA}.Debug|Any CPU.Build.0 = Debug|Any CPU
		{BA5E005C-ED18-4D9C-90A4-4F5EFAD6D8FA}.Release|Any CPU.ActiveCfg = Release|Any CPU
		{BA5E005C-ED18-4D9C-90A4-4F5EFAD6D8FA}.Release|Any CPU.Build.0 = Release|Any CPU
	EndGlobalSection
	GlobalSection(SolutionProperties) = preSolution
		HideSolutionNode = FALSE
	EndGlobalSection
	GlobalSection(ExtensibilityGlobals) = postSolution
		SolutionGuid = {A6F740F1-C7D5-46C8-AE6E-D8285625D5C8}
	EndGlobalSection
EndGlobal
